
Microsoft Visual Studio Solution File, Format Version 12.00
# Visual Studio Version 17
VisualStudioVersion = 17.4.33213.308
MinimumVisualStudioVersion = 10.0.40219.1
Project("{FAE04EC0-301F-11D3-BF4B-00C04F79EFBC}") = "Softtek", "Softtek.csproj", "{B8A74CCC-C1FB-4085-9B1B-FF47F2B4E94A}"
EndProject
Global
	GlobalSection(SolutionConfigurationPlatforms) = preSolution
		Debug|Any CPU = Debug|Any CPU
		Release|Any CPU = Release|Any CPU
	EndGlobalSection
	GlobalSection(ProjectConfigurationPlatforms) = postSolution
		{B8A74CCC-C1FB-4085-9B1B-FF47F2B4E94A}.Debug|Any CPU.ActiveCfg = Debug|Any CPU
		{B8A74CCC-C1FB-4085-9B1B-FF47F2B4E94A}.Debug|Any CPU.Build.0 = Debug|Any CPU
		{B8A74CCC-C1FB-4085-9B1B-FF47F2B4E94A}.Release|Any CPU.ActiveCfg = Release|Any CPU
		{B8A74CCC-C1FB-4085-9B1B-FF47F2B4E94A}.Release|Any CPU.Build.0 = Release|Any CPU
	EndGlobalSection
	GlobalSection(SolutionProperties) = preSolution
		HideSolutionNode = FALSE
	EndGlobalSection
	GlobalSection(ExtensibilityGlobals) = postSolution
		SolutionGuid = {D19A8748-9B2D-4E8E-8E6F-715FF5705DEF}
	EndGlobalSection
EndGlobal
